
Microsoft Visual Studio Solution File, Format Version 12.00
# Visual Studio Version 16
VisualStudioVersion = 16.0.808.7
MinimumVisualStudioVersion = 10.0.40219.1
Project("{8BC9CEB9-8B4A-11D0-8D11-00A0C91BC942}") = "GoogleMobileAds.Placement", "GoogleMobileAds.Placement.dll", "{3AE71708-77C3-4D13-BC72-C166006D451F}"
EndProject
Global
	GlobalSection(SolutionConfigurationPlatforms) = preSolution
		Default|Any CPU = Default|Any CPU
	EndGlobalSection
	GlobalSection(ProjectConfigurationPlatforms) = postSolution
		{3AE71708-77C3-4D13-BC72-C166006D451F}.Default|Any CPU.ActiveCfg = Default|Any CPU
		{3AE71708-77C3-4D13-BC72-C166006D451F}.Default|Any CPU.Build.0 = Default|Any CPU
	EndGlobalSection
	GlobalSection(SolutionProperties) = preSolution
		HideSolutionNode = FALSE
	EndGlobalSection
	GlobalSection(ExtensibilityGlobals) = postSolution
		SolutionGuid = {0478E761-45F8-4D10-8E64-C13300421FFB}
	EndGlobalSection
EndGlobal
